
Microsoft Visual Studio Solution File, Format Version 12.00
# Visual Studio Version 17
VisualStudioVersion = 17.9.34714.143
MinimumVisualStudioVersion = 10.0.40219.1
Project("{FAE04EC0-301F-11D3-BF4B-00C04F79EFBC}") = "api-mongodb", "api-mongodb.csproj", "{0B89BB56-9750-413B-80E1-38FF46177836}"
EndProject
Global
	GlobalSection(SolutionConfigurationPlatforms) = preSolution
		Debug|Any CPU = Debug|Any CPU
		Release|Any CPU = Release|Any CPU
	EndGlobalSection
	GlobalSection(ProjectConfigurationPlatforms) = postSolution
		{0B89BB56-9750-413B-80E1-38FF46177836}.Debug|Any CPU.ActiveCfg = Debug|Any CPU
		{0B89BB56-9750-413B-80E1-38FF46177836}.Debug|Any CPU.Build.0 = Debug|Any CPU
		{0B89BB56-9750-413B-80E1-38FF46177836}.Release|Any CPU.ActiveCfg = Release|Any CPU
		{0B89BB56-9750-413B-80E1-38FF46177836}.Release|Any CPU.Build.0 = Release|Any CPU
	EndGlobalSection
	GlobalSection(SolutionProperties) = preSolution
		HideSolutionNode = FALSE
	EndGlobalSection
	GlobalSection(ExtensibilityGlobals) = postSolution
		SolutionGuid = {0BD1C325-166D-4C31-9A4D-AB91193908F7}
	EndGlobalSection
EndGlobal
